
Microsoft Visual Studio Solution File, Format Version 9.00
# Visual Studio 2005
Project("{8BC9CEB8-8B4A-11D0-8D11-00A0C91BC942}") = "dicomCLientSample", "dicomCLientSample.vcproj", "{FC57ACB5-E3D1-48C0-A429-9A2E218A1CE0}"
EndProject
Global
	GlobalSection(SolutionConfigurationPlatforms) = preSolution
		Debug|Win32 = Debug|Win32
		Release|Win32 = Release|Win32
	EndGlobalSection
	GlobalSection(ProjectConfigurationPlatforms) = postSolution
		{FC57ACB5-E3D1-48C0-A429-9A2E218A1CE0}.Debug|Win32.ActiveCfg = Debug|Win32
		{FC57ACB5-E3D1-48C0-A429-9A2E218A1CE0}.Debug|Win32.Build.0 = Debug|Win32
		{FC57ACB5-E3D1-48C0-A429-9A2E218A1CE0}.Release|Win32.ActiveCfg = Release|Win32
		{FC57ACB5-E3D1-48C0-A429-9A2E218A1CE0}.Release|Win32.Build.0 = Release|Win32
	EndGlobalSection
	GlobalSection(SolutionProperties) = preSolution
		HideSolutionNode = FALSE
	EndGlobalSection
EndGlobal
